
Microsoft Visual Studio Solution File, Format Version 12.00
# Visual Studio Version 16
VisualStudioVersion = 16.0.31515.178
MinimumVisualStudioVersion = 10.0.40219.1
Project("{888888A0-9F3D-457C-B088-3A5042F75D52}") = "StringsAndDates", "StringsAndDates.pyproj", "{79B4D105-1235-4B2D-B3F8-17562D11BEA4}"
EndProject
Global
	GlobalSection(SolutionConfigurationPlatforms) = preSolution
		Debug|Any CPU = Debug|Any CPU
		Release|Any CPU = Release|Any CPU
	EndGlobalSection
	GlobalSection(ProjectConfigurationPlatforms) = postSolution
		{79B4D105-1235-4B2D-B3F8-17562D11BEA4}.Debug|Any CPU.ActiveCfg = Debug|Any CPU
		{79B4D105-1235-4B2D-B3F8-17562D11BEA4}.Release|Any CPU.ActiveCfg = Release|Any CPU
	EndGlobalSection
	GlobalSection(SolutionProperties) = preSolution
		HideSolutionNode = FALSE
	EndGlobalSection
	GlobalSection(ExtensibilityGlobals) = postSolution
		SolutionGuid = {E6B40055-26D3-4669-8FA8-0EB331944810}
	EndGlobalSection
EndGlobal
